Microsoft Visual Studio Solution File, Format Version 12.00
# Visual Studio Version 17
VisualStudioVersion = 17.5.33530.505
MinimumVisualStudioVersion = 16.0.0.0
Project("{9A19103F-16F7-4668-BE54-9A1E7A4F7556}") = "Parcial2_Luis_Miguel_Caceres.Server", "Server\Parcial2_Luis_Miguel_Caceres.Server.csproj", "{F18CA750-F24A-433E-9BE8-1D0B299380E5}"
EndProject
Project("{9A19103F-16F7-4668-BE54-9A1E7A4F7556}") = "Parcial2_Luis_Miguel_Caceres.Client", "Client\Parcial2_Luis_Miguel_Caceres.Client.csproj", "{0EA611CB-EC0C-4E8A-9802-2BE96532652A}"
EndProject
Project("{9A19103F-16F7-4668-BE54-9A1E7A4F7556}") = "Parcial2_Luis_Miguel_Caceres.Shared", "Shared\Parcial2_Luis_Miguel_Caceres.Shared.csproj", "{C1903D9A-D85C-4F27-99B2-FAA695FA731E}"
EndProject
Global
	GlobalSection(SolutionConfigurationPlatforms) = preSolution
		Debug|Any CPU = Debug|Any CPU
		Debug|x64 = Debug|x64
		Debug|x86 = Debug|x86
		Release|Any CPU = Release|Any CPU
		Release|x64 = Release|x64
		Release|x86 = Release|x86
	EndGlobalSection
	GlobalSection(ProjectConfigurationPlatforms) = postSolution
		{F18CA750-F24A-433E-9BE8-1D0B299380E5}.Debug|Any CPU.ActiveCfg = Debug|Any CPU
		{F18CA750-F24A-433E-9BE8-1D0B299380E5}.Debug|Any CPU.Build.0 = Debug|Any CPU
		{F18CA750-F24A-433E-9BE8-1D0B299380E5}.Debug|x64.ActiveCfg = Debug|Any CPU
		{F18CA750-F24A-433E-9BE8-1D0B299380E5}.Debug|x64.Build.0 = Debug|Any CPU
		{F18CA750-F24A-433E-9BE8-1D0B299380E5}.Debug|x86.ActiveCfg = Debug|Any CPU
		{F18CA750-F24A-433E-9BE8-1D0B299380E5}.Debug|x86.Build.0 = Debug|Any CPU
		{F18CA750-F24A-433E-9BE8-1D0B299380E5}.Release|Any CPU.ActiveCfg = Release|Any CPU
		{F18CA750-F24A-433E-9BE8-1D0B299380E5}.Release|Any CPU.Build.0 = Release|Any CPU
		{F18CA750-F24A-433E-9BE8-1D0B299380E5}.Release|x64.ActiveCfg = Release|Any CPU
		{F18CA750-F24A-433E-9BE8-1D0B299380E5}.Release|x64.Build.0 = Release|Any CPU
		{F18CA750-F24A-433E-9BE8-1D0B299380E5}.Release|x86.ActiveCfg = Release|Any CPU
		{F18CA750-F24A-433E-9BE8-1D0B299380E5}.Release|x86.Build.0 = Release|Any CPU
		{0EA611CB-EC0C-4E8A-9802-2BE96532652A}.Debug|Any CPU.ActiveCfg = Debug|Any CPU
		{0EA611CB-EC0C-4E8A-9802-2BE96532652A}.Debug|Any CPU.Build.0 = Debug|Any CPU
		{0EA611CB-EC0C-4E8A-9802-2BE96532652A}.Debug|x64.ActiveCfg = Debug|Any CPU
		{0EA611CB-EC0C-4E8A-9802-2BE96532652A}.Debug|x64.Build.0 = Debug|Any CPU
		{0EA611CB-EC0C-4E8A-9802-2BE96532652A}.Debug|x86.ActiveCfg = Debug|Any CPU
		{0EA611CB-EC0C-4E8A-9802-2BE96532652A}.Debug|x86.Build.0 = Debug|Any CPU
		{0EA611CB-EC0C-4E8A-9802-2BE96532652A}.Release|Any CPU.ActiveCfg = Release|Any CPU
		{0EA611CB-EC0C-4E8A-9802-2BE96532652A}.Release|Any CPU.Build.0 = Release|Any CPU
		{0EA611CB-EC0C-4E8A-9802-2BE96532652A}.Release|x64.ActiveCfg = Release|Any CPU
		{0EA611CB-EC0C-4E8A-9802-2BE96532652A}.Release|x64.Build.0 = Release|Any CPU
		{0EA611CB-EC0C-4E8A-9802-2BE96532652A}.Release|x86.ActiveCfg = Release|Any CPU
		{0EA611CB-EC0C-4E8A-9802-2BE96532652A}.Release|x86.Build.0 = Release|Any CPU
		{C1903D9A-D85C-4F27-99B2-FAA695FA731E}.Debug|Any CPU.ActiveCfg = Debug|Any CPU
		{C1903D9A-D85C-4F27-99B2-FAA695FA731E}.Debug|Any CPU.Build.0 = Debug|Any CPU
		{C1903D9A-D85C-4F27-99B2-FAA695FA731E}.Debug|x64.ActiveCfg = Debug|Any CPU
		{C1903D9A-D85C-4F27-99B2-FAA695FA731E}.Debug|x64.Build.0 = Debug|Any CPU
		{C1903D9A-D85C-4F27-99B2-FAA695FA731E}.Debug|x86.ActiveCfg = Debug|Any CPU
		{C1903D9A-D85C-4F27-99B2-FAA695FA731E}.Debug|x86.Build.0 = Debug|Any CPU
		{C1903D9A-D85C-4F27-99B2-FAA695FA731E}.Release|Any CPU.ActiveCfg = Release|Any CPU
		{C1903D9A-D85C-4F27-99B2-FAA695FA731E}.Release|Any CPU.Build.0 = Release|Any CPU
		{C1903D9A-D85C-4F27-99B2-FAA695FA731E}.Release|x64.ActiveCfg = Release|Any CPU
		{C1903D9A-D85C-4F27-99B2-FAA695FA731E}.Release|x64.Build.0 = Release|Any CPU
		{C1903D9A-D85C-4F27-99B2-FAA695FA731E}.Release|x86.ActiveCfg = Release|Any CPU
		{C1903D9A-D85C-4F27-99B2-FAA695FA731E}.Release|x86.Build.0 = Release|Any CPU
	EndGlobalSection
	GlobalSection(SolutionProperties) = preSolution
		HideSolutionNode = FALSE
	EndGlobalSection
	GlobalSection(ExtensibilityGlobals) = postSolution
		SolutionGuid = {E693ECB1-D77E-4D44-99FC-7EAF6B7FEB10}
	EndGlobalSection
EndGlobal
